
Microsoft Visual Studio Solution File, Format Version 12.00
# Visual Studio 14
VisualStudioVersion = 14.0.25420.1
MinimumVisualStudioVersion = 10.0.40219.1
Project("{2150E333-8FDC-42A3-9474-1A3956D46DE8}") = "SolutionItems", "SolutionItems", "{0C4D8682-3D2A-4367-AA71-020DFCEFA65E}"
	ProjectSection(SolutionItems) = preProject
		SolutionInfo.cs = SolutionInfo.cs
	EndProjectSection
EndProject
Project("{2150E333-8FDC-42A3-9474-1A3956D46DE8}") = "SVG", "SVG", "{827847D2-FD58-4A13-945D-D40A9D20D844}"
	ProjectSection(SolutionItems) = preProject
		SVG\about.svg = SVG\about.svg
		SVG\accept.svg = SVG\accept.svg
		SVG\app.svg = SVG\app.svg
		SVG\appicon.svg = SVG\appicon.svg
		SVG\bug.svg = SVG\bug.svg
		SVG\check_updates.svg = SVG\check_updates.svg
		SVG\close_comparison.svg = SVG\close_comparison.svg
		SVG\company_tagline.svg = SVG\company_tagline.svg
		SVG\compare.svg = SVG\compare.svg
		SVG\copy_from_left_db.svg = SVG\copy_from_left_db.svg
		SVG\copy_from_right_db.svg = SVG\copy_from_right_db.svg
		SVG\edit_selected_difference.svg = SVG\edit_selected_difference.svg
		SVG\feather.svg = SVG\feather.svg
		SVG\feedback.svg = SVG\feedback.svg
		SVG\feedback_frame.svg = SVG\feedback_frame.svg
		SVG\feedback_non_selected_idea.svg = SVG\feedback_non_selected_idea.svg
		SVG\feedback_non_selected_problem.svg = SVG\feedback_non_selected_problem.svg
		SVG\feedback_question.svg = SVG\feedback_question.svg
		SVG\feedback_selected_problem.svg = SVG\feedback_selected_problem.svg
		SVG\feedback_selected_question.svg = SVG\feedback_selected_question.svg
		SVG\finish_page_banner.svg = SVG\finish_page_banner.svg
		SVG\generate_script_left_to_right.svg = SVG\generate_script_left_to_right.svg
		SVG\generate_script_right_to_left.svg = SVG\generate_script_right_to_left.svg
		SVG\greenpinesoftware_logo.svg = SVG\greenpinesoftware_logo.svg
		SVG\home_screenshot.svg = SVG\home_screenshot.svg
		SVG\installer_banner.svg = SVG\installer_banner.svg
		SVG\key.svg = SVG\key.svg
		SVG\lamp_non_selected.svg = SVG\lamp_non_selected.svg
		SVG\lamp_selected.svg = SVG\lamp_selected.svg
		SVG\lock.svg = SVG\lock.svg
		SVG\next_diff.svg = SVG\next_diff.svg
		SVG\prev_diff.svg = SVG\prev_diff.svg
		SVG\question.svg = SVG\question.svg
		SVG\recycle_bin.svg = SVG\recycle_bin.svg
		SVG\redo.svg = SVG\redo.svg
		SVG\reject.svg = SVG\reject.svg
		SVG\reorder_columns.svg = SVG\reorder_columns.svg
		SVG\save_schema.svg = SVG\save_schema.svg
		SVG\search.svg = SVG\search.svg
		SVG\smallbug.svg = SVG\smallbug.svg
		SVG\sqlite_compare_logo.svg = SVG\sqlite_compare_logo.svg
		SVG\sqlite_feather.svg = SVG\sqlite_feather.svg
		SVG\undo.svg = SVG\undo.svg
		SVG\uninstall.svg = SVG\uninstall.svg
		SVG\v_bullet.svg = SVG\v_bullet.svg
	EndProjectSection
EndProject
Project("{FAE04EC0-301F-11D3-BF4B-00C04F79EFBC}") = "SQLiteTurbo", "SQLiteTurbo\SQLiteTurbo.csproj", "{16ADD088-AE2A-4D2D-B66C-00ED4D94EC3D}"
EndProject
Project("{FAE04EC0-301F-11D3-BF4B-00C04F79EFBC}") = "SQLiteParser", "SQLiteParser\SQLiteParser.csproj", "{31E951ED-11C2-46AA-BE8C-6D954698549E}"
EndProject
Project("{FAE04EC0-301F-11D3-BF4B-00C04F79EFBC}") = "CreateTestDatabases", "CreateTestDatabases\CreateTestDatabases.csproj", "{C21121C8-A6BA-4DA7-95C8-5AA57E165F6C}"
EndProject
Project("{FAE04EC0-301F-11D3-BF4B-00C04F79EFBC}") = "DiffControl", "DiffControl\DiffControl.csproj", "{310E7EA3-7370-4A28-9EA6-450B35E84C7C}"
EndProject
Project("{FAE04EC0-301F-11D3-BF4B-00C04F79EFBC}") = "UndoRedo", "UndoRedo\UndoRedo.csproj", "{F71FACA5-08C3-40BA-AF53-B61291A6570C}"
EndProject
Project("{FAE04EC0-301F-11D3-BF4B-00C04F79EFBC}") = "FastGrid", "FastGrid\FastGrid.csproj", "{B3501575-9F71-4574-99F5-6E6231AD8FD4}"
EndProject
Project("{FAE04EC0-301F-11D3-BF4B-00C04F79EFBC}") = "Common", "Common\Common.csproj", "{6CEE8102-55B6-42B8-AD74-2246AEB2D942}"
EndProject
Project("{FAE04EC0-301F-11D3-BF4B-00C04F79EFBC}") = "AutomaticUpdates", "AutomaticUpdates\AutomaticUpdates.csproj", "{34DD929F-BA21-4A80-AA93-114AFCC15EE7}"
EndProject
Global
	GlobalSection(SolutionConfigurationPlatforms) = preSolution
		Debug|Any CPU = Debug|Any CPU
		Debug|x86 = Debug|x86
		Release|Any CPU = Release|Any CPU
		Release|x86 = Release|x86
	EndGlobalSection
	GlobalSection(ProjectConfigurationPlatforms) = postSolution
		{16ADD088-AE2A-4D2D-B66C-00ED4D94EC3D}.Debug|Any CPU.ActiveCfg = Debug|Any CPU
		{16ADD088-AE2A-4D2D-B66C-00ED4D94EC3D}.Debug|Any CPU.Build.0 = Debug|Any CPU
		{16ADD088-AE2A-4D2D-B66C-00ED4D94EC3D}.Debug|x86.ActiveCfg = Debug|x86
		{16ADD088-AE2A-4D2D-B66C-00ED4D94EC3D}.Debug|x86.Build.0 = Debug|x86
		{16ADD088-AE2A-4D2D-B66C-00ED4D94EC3D}.Release|Any CPU.ActiveCfg = Release|Any CPU
		{16ADD088-AE2A-4D2D-B66C-00ED4D94EC3D}.Release|Any CPU.Build.0 = Release|Any CPU
		{16ADD088-AE2A-4D2D-B66C-00ED4D94EC3D}.Release|x86.ActiveCfg = Release|x86
		{16ADD088-AE2A-4D2D-B66C-00ED4D94EC3D}.Release|x86.Build.0 = Release|x86
		{31E951ED-11C2-46AA-BE8C-6D954698549E}.Debug|Any CPU.ActiveCfg = Debug|Any CPU
		{31E951ED-11C2-46AA-BE8C-6D954698549E}.Debug|Any CPU.Build.0 = Debug|Any CPU
		{31E951ED-11C2-46AA-BE8C-6D954698549E}.Debug|x86.ActiveCfg = Debug|x86
		{31E951ED-11C2-46AA-BE8C-6D954698549E}.Debug|x86.Build.0 = Debug|x86
		{31E951ED-11C2-46AA-BE8C-6D954698549E}.Release|Any CPU.ActiveCfg = Release|Any CPU
		{31E951ED-11C2-46AA-BE8C-6D954698549E}.Release|Any CPU.Build.0 = Release|Any CPU
		{31E951ED-11C2-46AA-BE8C-6D954698549E}.Release|x86.ActiveCfg = Release|x86
		{31E951ED-11C2-46AA-BE8C-6D954698549E}.Release|x86.Build.0 = Release|x86
		{C21121C8-A6BA-4DA7-95C8-5AA57E165F6C}.Debug|Any CPU.ActiveCfg = Debug|Any CPU
		{C21121C8-A6BA-4DA7-95C8-5AA57E165F6C}.Debug|Any CPU.Build.0 = Debug|Any CPU
		{C21121C8-A6BA-4DA7-95C8-5AA57E165F6C}.Debug|x86.ActiveCfg = Debug|x86
		{C21121C8-A6BA-4DA7-95C8-5AA57E165F6C}.Debug|x86.Build.0 = Debug|x86
		{C21121C8-A6BA-4DA7-95C8-5AA57E165F6C}.Release|Any CPU.ActiveCfg = Release|Any CPU
		{C21121C8-A6BA-4DA7-95C8-5AA57E165F6C}.Release|Any CPU.Build.0 = Release|Any CPU
		{C21121C8-A6BA-4DA7-95C8-5AA57E165F6C}.Release|x86.ActiveCfg = Release|x86
		{C21121C8-A6BA-4DA7-95C8-5AA57E165F6C}.Release|x86.Build.0 = Release|x86
		{310E7EA3-7370-4A28-9EA6-450B35E84C7C}.Debug|Any CPU.ActiveCfg = Debug|Any CPU
		{310E7EA3-7370-4A28-9EA6-450B35E84C7C}.Debug|Any CPU.Build.0 = Debug|Any CPU
		{310E7EA3-7370-4A28-9EA6-450B35E84C7C}.Debug|x86.ActiveCfg = Debug|x86
		{310E7EA3-7370-4A28-9EA6-450B35E84C7C}.Debug|x86.Build.0 = Debug|x86
		{310E7EA3-7370-4A28-9EA6-450B35E84C7C}.Release|Any CPU.ActiveCfg = Release|Any CPU
		{310E7EA3-7370-4A28-9EA6-450B35E84C7C}.Release|Any CPU.Build.0 = Release|Any CPU
		{310E7EA3-7370-4A28-9EA6-450B35E84C7C}.Release|x86.ActiveCfg = Release|x86
		{310E7EA3-7370-4A28-9EA6-450B35E84C7C}.Release|x86.Build.0 = Release|x86
		{F71FACA5-08C3-40BA-AF53-B61291A6570C}.Debug|Any CPU.ActiveCfg = Debug|Any CPU
		{F71FACA5-08C3-40BA-AF53-B61291A6570C}.Debug|Any CPU.Build.0 = Debug|Any CPU
		{F71FACA5-08C3-40BA-AF53-B61291A6570C}.Debug|x86.ActiveCfg = Debug|x86
		{F71FACA5-08C3-40BA-AF53-B61291A6570C}.Debug|x86.Build.0 = Debug|x86
		{F71FACA5-08C3-40BA-AF53-B61291A6570C}.Release|Any CPU.ActiveCfg = Release|Any CPU
		{F71FACA5-08C3-40BA-AF53-B61291A6570C}.Release|Any CPU.Build.0 = Release|Any CPU
		{F71FACA5-08C3-40BA-AF53-B61291A6570C}.Release|x86.ActiveCfg = Release|x86
		{F71FACA5-08C3-40BA-AF53-B61291A6570C}.Release|x86.Build.0 = Release|x86
		{B3501575-9F71-4574-99F5-6E6231AD8FD4}.Debug|Any CPU.ActiveCfg = Debug|Any CPU
		{B3501575-9F71-4574-99F5-6E6231AD8FD4}.Debug|Any CPU.Build.0 = Debug|Any CPU
		{B3501575-9F71-4574-99F5-6E6231AD8FD4}.Debug|x86.ActiveCfg = Debug|x86
		{B3501575-9F71-4574-99F5-6E6231AD8FD4}.Debug|x86.Build.0 = Debug|x86
		{B3501575-9F71-4574-99F5-6E6231AD8FD4}.Release|Any CPU.ActiveCfg = Release|Any CPU
		{B3501575-9F71-4574-99F5-6E6231AD8FD4}.Release|Any CPU.Build.0 = Release|Any CPU
		{B3501575-9F71-4574-99F5-6E6231AD8FD4}.Release|x86.ActiveCfg = Release|x86
		{B3501575-9F71-4574-99F5-6E6231AD8FD4}.Release|x86.Build.0 = Release|x86
		{6CEE8102-55B6-42B8-AD74-2246AEB2D942}.Debug|Any CPU.ActiveCfg = Debug|Any CPU
		{6CEE8102-55B6-42B8-AD74-2246AEB2D942}.Debug|Any CPU.Build.0 = Debug|Any CPU
		{6CEE8102-55B6-42B8-AD74-2246AEB2D942}.Debug|x86.ActiveCfg = Debug|x86
		{6CEE8102-55B6-42B8-AD74-2246AEB2D942}.Debug|x86.Build.0 = Debug|x86
		{6CEE8102-55B6-42B8-AD74-2246AEB2D942}.Release|Any CPU.ActiveCfg = Release|Any CPU
		{6CEE8102-55B6-42B8-AD74-2246AEB2D942}.Release|Any CPU.Build.0 = Release|Any CPU
		{6CEE8102-55B6-42B8-AD74-2246AEB2D942}.Release|x86.ActiveCfg = Release|x86
		{6CEE8102-55B6-42B8-AD74-2246AEB2D942}.Release|x86.Build.0 = Release|x86
		{34DD929F-BA21-4A80-AA93-114AFCC15EE7}.Debug|Any CPU.ActiveCfg = Debug|Any CPU
		{34DD929F-BA21-4A80-AA93-114AFCC15EE7}.Debug|Any CPU.Build.0 = Debug|Any CPU
		{34DD929F-BA21-4A80-AA93-114AFCC15EE7}.Debug|x86.ActiveCfg = Debug|x86
		{34DD929F-BA21-4A80-AA93-114AFCC15EE7}.Debug|x86.Build.0 = Debug|x86
		{34DD929F-BA21-4A80-AA93-114AFCC15EE7}.Release|Any CPU.ActiveCfg = Release|Any CPU
		{34DD929F-BA21-4A80-AA93-114AFCC15EE7}.Release|Any CPU.Build.0 = Release|Any CPU
		{34DD929F-BA21-4A80-AA93-114AFCC15EE7}.Release|x86.ActiveCfg = Release|x86
		{34DD929F-BA21-4A80-AA93-114AFCC15EE7}.Release|x86.Build.0 = Release|x86
	EndGlobalSection
	GlobalSection(SolutionProperties) = preSolution
		HideSolutionNode = FALSE
	EndGlobalSection
	GlobalSection(ExtensibilityGlobals) = postSolution
		VisualSVNWorkingCopyRoot = .
	EndGlobalSection
EndGlobal
